// !$*UTF8*$!
{
	archiveVersion = 1;
	classes = {
	};
	objectVersion = 50;
	objects = {

/* Begin PBXBuildFile section */
		25757BE22615391600DF58D4 /* MenuView.swift in Sources */ = {isa = PBXBuildFile; fileRef = 25757BE12615391600DF58D4 /* MenuView.swift */; };
		25757BE526159E6100DF58D4 /* ZonesView.swift in Sources */ = {isa = PBXBuildFile; fileRef = 25757BE426159E6100DF58D4 /* ZonesView.swift */; };
		25757BE826159EBD00DF58D4 /* Zone.swift in Sources */ = {isa = PBXBuildFile; fileRef = 25757BE726159EBD00DF58D4 /* Zone.swift */; };
		25757BEB26159FE200DF58D4 /* ZoneList.swift in Sources */ = {isa = PBXBuildFile; fileRef = 25757BEA26159FE200DF58D4 /* ZoneList.swift */; };
		25757BEE2615A0DB00DF58D4 /* SearchZoneListViewModel.swift in Sources */ = {isa = PBXBuildFile; fileRef = 25757BED2615A0DB00DF58D4 /* SearchZoneListViewModel.swift */; };
		25757BF12615A12D00DF58D4 /* ZoneViewModel.swift in Sources */ = {isa = PBXBuildFile; fileRef = 25757BF02615A12D00DF58D4 /* ZoneViewModel.swift */; };
		25757BF42615A7FD00DF58D4 /* SearchZoneListViewIntent.swift in Sources */ = {isa = PBXBuildFile; fileRef = 25757BF32615A7FD00DF58D4 /* SearchZoneListViewIntent.swift */; };
		25757BF72615AC9200DF58D4 /* SearchZoneListView.swift in Sources */ = {isa = PBXBuildFile; fileRef = 25757BF62615AC9200DF58D4 /* SearchZoneListView.swift */; };
		25757BFF2615C39F00DF58D4 /* JeuExpose.swift in Sources */ = {isa = PBXBuildFile; fileRef = 25757BFE2615C39F00DF58D4 /* JeuExpose.swift */; };
		25757C022615CBE400DF58D4 /* ZoneDetailsView.swift in Sources */ = {isa = PBXBuildFile; fileRef = 25757C012615CBE400DF58D4 /* ZoneDetailsView.swift */; };
		259F6ABC26123F63008D41AD /* searchBar.swift in Sources */ = {isa = PBXBuildFile; fileRef = 259F6ABB26123F63008D41AD /* searchBar.swift */; };
		259F6ABF26125A0B008D41AD /* JeuDetailView.swift in Sources */ = {isa = PBXBuildFile; fileRef = 259F6ABE26125A0B008D41AD /* JeuDetailView.swift */; };
		259FBA572609F13A00E532A3 /* festival_jeuApp.swift in Sources */ = {isa = PBXBuildFile; fileRef = 259FBA562609F13A00E532A3 /* festival_jeuApp.swift */; };
		259FBA592609F13A00E532A3 /* ContentView.swift in Sources */ = {isa = PBXBuildFile; fileRef = 259FBA582609F13A00E532A3 /* ContentView.swift */; };
		259FBA5B2609F13E00E532A3 /* Assets.xcassets in Resources */ = {isa = PBXBuildFile; fileRef = 259FBA5A2609F13E00E532A3 /* Assets.xcassets */; };
		259FBA5E2609F13E00E532A3 /* Preview Assets.xcassets in Resources */ = {isa = PBXBuildFile; fileRef = 259FBA5D2609F13E00E532A3 /* Preview Assets.xcassets */; };
		259FBA602609F13E00E532A3 /* Persistence.swift in Sources */ = {isa = PBXBuildFile; fileRef = 259FBA5F2609F13E00E532A3 /* Persistence.swift */; };
		259FBA632609F13E00E532A3 /* festival_jeu.xcdatamodeld in Sources */ = {isa = PBXBuildFile; fileRef = 259FBA612609F13E00E532A3 /* festival_jeu.xcdatamodeld */; };
		259FBA702609F24400E532A3 /* Festival.swift in Sources */ = {isa = PBXBuildFile; fileRef = 259FBA6F2609F24400E532A3 /* Festival.swift */; };
		259FBA742609F4AD00E532A3 /* SearchJeuListViewIntent.swift in Sources */ = {isa = PBXBuildFile; fileRef = 259FBA732609F4AD00E532A3 /* SearchJeuListViewIntent.swift */; };
		259FBA772609F4FF00E532A3 /* SearchJeuListViewModel.swift in Sources */ = {isa = PBXBuildFile; fileRef = 259FBA762609F4FF00E532A3 /* SearchJeuListViewModel.swift */; };
		259FBA7A2609F65200E532A3 /* Jeu.swift in Sources */ = {isa = PBXBuildFile; fileRef = 259FBA792609F65200E532A3 /* Jeu.swift */; };
		259FBA7D2609FFF900E532A3 /* JeuList.swift in Sources */ = {isa = PBXBuildFile; fileRef = 259FBA7C2609FFF900E532A3 /* JeuList.swift */; };
		259FBA80260A043100E532A3 /* JeuViewModel.swift in Sources */ = {isa = PBXBuildFile; fileRef = 259FBA7F260A043100E532A3 /* JeuViewModel.swift */; };
		259FBA84260A0B1800E532A3 /* InOutHelper.swift in Sources */ = {isa = PBXBuildFile; fileRef = 259FBA83260A0B1800E532A3 /* InOutHelper.swift */; };
		259FBA8E260A0D6900E532A3 /* SearchJeuListView.swift in Sources */ = {isa = PBXBuildFile; fileRef = 259FBA8D260A0D6900E532A3 /* SearchJeuListView.swift */; };
		25F4F033261627F7005F56C6 /* (null) in Sources */ = {isa = PBXBuildFile; };
		25F4F03626163A07005F56C6 /* JeuExposeSimple.swift in Sources */ = {isa = PBXBuildFile; fileRef = 25F4F03526163A07005F56C6 /* JeuExposeSimple.swift */; };
		25F4F03C26164BC2005F56C6 /* ZoneSimple.swift in Sources */ = {isa = PBXBuildFile; fileRef = 25F4F03B26164BC1005F56C6 /* ZoneSimple.swift */; };
		25F4F04026164C0C005F56C6 /* Editeur.swift in Sources */ = {isa = PBXBuildFile; fileRef = 25F4F03E26164C0B005F56C6 /* Editeur.swift */; };
		25F4F04126164C0C005F56C6 /* EditeurList.swift in Sources */ = {isa = PBXBuildFile; fileRef = 25F4F03F26164C0B005F56C6 /* EditeurList.swift */; };
		25F4F04526164C27005F56C6 /* EditeurViewModel.swift in Sources */ = {isa = PBXBuildFile; fileRef = 25F4F04326164C27005F56C6 /* EditeurViewModel.swift */; };
		25F4F04626164C27005F56C6 /* SearchEditeurListViewModel.swift in Sources */ = {isa = PBXBuildFile; fileRef = 25F4F04426164C27005F56C6 /* SearchEditeurListViewModel.swift */; };
		25F4F04926164C34005F56C6 /* SearchEditeurListView.swift in Sources */ = {isa = PBXBuildFile; fileRef = 25F4F04826164C34005F56C6 /* SearchEditeurListView.swift */; };
		25F4F04C26164C3F005F56C6 /* SearchEditeurListViewIntent.swift in Sources */ = {isa = PBXBuildFile; fileRef = 25F4F04B26164C3F005F56C6 /* SearchEditeurListViewIntent.swift */; };
		25F4F04F26164E21005F56C6 /* EditeurSimple.swift in Sources */ = {isa = PBXBuildFile; fileRef = 25F4F04E26164E21005F56C6 /* EditeurSimple.swift */; };
		25F4F05226165292005F56C6 /* JeuComplexe.swift in Sources */ = {isa = PBXBuildFile; fileRef = 25F4F05126165292005F56C6 /* JeuComplexe.swift */; };
/* End PBXBuildFile section */

/* Begin PBXFileReference section */
		25757BE12615391600DF58D4 /* MenuView.swift */ = {isa = PBXFileReference; lastKnownFileType = sourcecode.swift; path = MenuView.swift; sourceTree = "<group>"; };
		25757BE426159E6100DF58D4 /* ZonesView.swift */ = {isa = PBXFileReference; lastKnownFileType = sourcecode.swift; path = ZonesView.swift; sourceTree = "<group>"; };
		25757BE726159EBD00DF58D4 /* Zone.swift */ = {isa = PBXFileReference; lastKnownFileType = sourcecode.swift; path = Zone.swift; sourceTree = "<group>"; };
		25757BEA26159FE200DF58D4 /* ZoneList.swift */ = {isa = PBXFileReference; lastKnownFileType = sourcecode.swift; path = ZoneList.swift; sourceTree = "<group>"; };
		25757BED2615A0DB00DF58D4 /* SearchZoneListViewModel.swift */ = {isa = PBXFileReference; lastKnownFileType = sourcecode.swift; path = SearchZoneListViewModel.swift; sourceTree = "<group>"; };
		25757BF02615A12D00DF58D4 /* ZoneViewModel.swift */ = {isa = PBXFileReference; lastKnownFileType = sourcecode.swift; path = ZoneViewModel.swift; sourceTree = "<group>"; };
		25757BF32615A7FD00DF58D4 /* SearchZoneListViewIntent.swift */ = {isa = PBXFileReference; lastKnownFileType = sourcecode.swift; path = SearchZoneListViewIntent.swift; sourceTree = "<group>"; };
		25757BF62615AC9200DF58D4 /* SearchZoneListView.swift */ = {isa = PBXFileReference; lastKnownFileType = sourcecode.swift; path = SearchZoneListView.swift; sourceTree = "<group>"; };
		25757BFE2615C39F00DF58D4 /* JeuExpose.swift */ = {isa = PBXFileReference; lastKnownFileType = sourcecode.swift; path = JeuExpose.swift; sourceTree = "<group>"; };
		25757C012615CBE400DF58D4 /* ZoneDetailsView.swift */ = {isa = PBXFileReference; lastKnownFileType = sourcecode.swift; path = ZoneDetailsView.swift; sourceTree = "<group>"; };
		259F6ABB26123F63008D41AD /* searchBar.swift */ = {isa = PBXFileReference; lastKnownFileType = sourcecode.swift; path = searchBar.swift; sourceTree = "<group>"; };
		259F6ABE26125A0B008D41AD /* JeuDetailView.swift */ = {isa = PBXFileReference; lastKnownFileType = sourcecode.swift; path = JeuDetailView.swift; sourceTree = "<group>"; };
		259FBA532609F13A00E532A3 /* festival-jeu.app */ = {isa = PBXFileReference; explicitFileType = wrapper.application; includeInIndex = 0; path = "festival-jeu.app"; sourceTree = BUILT_PRODUCTS_DIR; };
		259FBA562609F13A00E532A3 /* festival_jeuApp.swift */ = {isa = PBXFileReference; lastKnownFileType = sourcecode.swift; path = festival_jeuApp.swift; sourceTree = "<group>"; };
		259FBA582609F13A00E532A3 /* ContentView.swift */ = {isa = PBXFileReference; lastKnownFileType = sourcecode.swift; path = ContentView.swift; sourceTree = "<group>"; };
		259FBA5A2609F13E00E532A3 /* Assets.xcassets */ = {isa = PBXFileReference; lastKnownFileType = folder.assetcatalog; path = Assets.xcassets; sourceTree = "<group>"; };
		259FBA5D2609F13E00E532A3 /* Preview Assets.xcassets */ = {isa = PBXFileReference; lastKnownFileType = folder.assetcatalog; path = "Preview Assets.xcassets"; sourceTree = "<group>"; };
		259FBA5F2609F13E00E532A3 /* Persistence.swift */ = {isa = PBXFileReference; lastKnownFileType = sourcecode.swift; path = Persistence.swift; sourceTree = "<group>"; };
		259FBA622609F13E00E532A3 /* festival_jeu.xcdatamodel */ = {isa = PBXFileReference; lastKnownFileType = wrapper.xcdatamodel; path = festival_jeu.xcdatamodel; sourceTree = "<group>"; };
		259FBA642609F13E00E532A3 /* Info.plist */ = {isa = PBXFileReference; lastKnownFileType = text.plist.xml; path = Info.plist; sourceTree = "<group>"; };
		259FBA6F2609F24400E532A3 /* Festival.swift */ = {isa = PBXFileReference; lastKnownFileType = sourcecode.swift; path = Festival.swift; sourceTree = "<group>"; };
		259FBA732609F4AD00E532A3 /* SearchJeuListViewIntent.swift */ = {isa = PBXFileReference; lastKnownFileType = sourcecode.swift; path = SearchJeuListViewIntent.swift; sourceTree = "<group>"; };
		259FBA762609F4FF00E532A3 /* SearchJeuListViewModel.swift */ = {isa = PBXFileReference; lastKnownFileType = sourcecode.swift; path = SearchJeuListViewModel.swift; sourceTree = "<group>"; };
		259FBA792609F65200E532A3 /* Jeu.swift */ = {isa = PBXFileReference; lastKnownFileType = sourcecode.swift; path = Jeu.swift; sourceTree = "<group>"; };
		259FBA7C2609FFF900E532A3 /* JeuList.swift */ = {isa = PBXFileReference; lastKnownFileType = sourcecode.swift; path = JeuList.swift; sourceTree = "<group>"; };
		259FBA7F260A043100E532A3 /* JeuViewModel.swift */ = {isa = PBXFileReference; lastKnownFileType = sourcecode.swift; path = JeuViewModel.swift; sourceTree = "<group>"; };
		259FBA83260A0B1800E532A3 /* InOutHelper.swift */ = {isa = PBXFileReference; lastKnownFileType = sourcecode.swift; path = InOutHelper.swift; sourceTree = "<group>"; };
		259FBA8D260A0D6900E532A3 /* SearchJeuListView.swift */ = {isa = PBXFileReference; lastKnownFileType = sourcecode.swift; path = SearchJeuListView.swift; sourceTree = "<group>"; };
		25F4F03526163A07005F56C6 /* JeuExposeSimple.swift */ = {isa = PBXFileReference; lastKnownFileType = sourcecode.swift; path = JeuExposeSimple.swift; sourceTree = "<group>"; };
		25F4F03B26164BC1005F56C6 /* ZoneSimple.swift */ = {isa = PBXFileReference; fileEncoding = 4; lastKnownFileType = sourcecode.swift; path = ZoneSimple.swift; sourceTree = "<group>"; };
		25F4F03E26164C0B005F56C6 /* Editeur.swift */ = {isa = PBXFileReference; fileEncoding = 4; lastKnownFileType = sourcecode.swift; path = Editeur.swift; sourceTree = "<group>"; };
		25F4F03F26164C0B005F56C6 /* EditeurList.swift */ = {isa = PBXFileReference; fileEncoding = 4; lastKnownFileType = sourcecode.swift; path = EditeurList.swift; sourceTree = "<group>"; };
		25F4F04326164C27005F56C6 /* EditeurViewModel.swift */ = {isa = PBXFileReference; fileEncoding = 4; lastKnownFileType = sourcecode.swift; path = EditeurViewModel.swift; sourceTree = "<group>"; };
		25F4F04426164C27005F56C6 /* SearchEditeurListViewModel.swift */ = {isa = PBXFileReference; fileEncoding = 4; lastKnownFileType = sourcecode.swift; path = SearchEditeurListViewModel.swift; sourceTree = "<group>"; };
		25F4F04826164C34005F56C6 /* SearchEditeurListView.swift */ = {isa = PBXFileReference; fileEncoding = 4; lastKnownFileType = sourcecode.swift; path = SearchEditeurListView.swift; sourceTree = "<group>"; };
		25F4F04B26164C3F005F56C6 /* SearchEditeurListViewIntent.swift */ = {isa = PBXFileReference; fileEncoding = 4; lastKnownFileType = sourcecode.swift; path = SearchEditeurListViewIntent.swift; sourceTree = "<group>"; };
		25F4F04E26164E21005F56C6 /* EditeurSimple.swift */ = {isa = PBXFileReference; lastKnownFileType = sourcecode.swift; path = EditeurSimple.swift; sourceTree = "<group>"; };
		25F4F05126165292005F56C6 /* JeuComplexe.swift */ = {isa = PBXFileReference; lastKnownFileType = sourcecode.swift; path = JeuComplexe.swift; sourceTree = "<group>"; };
/* End PBXFileReference section */

/* Begin PBXFrameworksBuildPhase section */
		259FBA502609F13A00E532A3 /* Frameworks */ = {
			isa = PBXFrameworksBuildPhase;
			buildActionMask = 0;
			runOnlyForDeploymentPostprocessing = 0;
		};
/* End PBXFrameworksBuildPhase section */

/* Begin PBXGroup section */
		259FBA4A2609F13A00E532A3 = {
			isa = PBXGroup;
			children = (
				259FBA552609F13A00E532A3 /* festival-jeu */,
				259FBA542609F13A00E532A3 /* Products */,
			);
			sourceTree = "<group>";
		};
		259FBA542609F13A00E532A3 /* Products */ = {
			isa = PBXGroup;
			children = (
				259FBA532609F13A00E532A3 /* festival-jeu.app */,
			);
			name = Products;
			sourceTree = "<group>";
		};
		259FBA552609F13A00E532A3 /* festival-jeu */ = {
			isa = PBXGroup;
			children = (
				259FBA82260A0B0800E532A3 /* Helper */,
				259FBA6E2609F20900E532A3 /* Model */,
				259FBA6D2609F20200E532A3 /* ViewModel */,
				259FBA6C2609F1F600E532A3 /* View */,
				259FBA6B2609F1F000E532A3 /* Intent */,
				259FBA562609F13A00E532A3 /* festival_jeuApp.swift */,
				259FBA582609F13A00E532A3 /* ContentView.swift */,
				259FBA5A2609F13E00E532A3 /* Assets.xcassets */,
				259FBA5F2609F13E00E532A3 /* Persistence.swift */,
				259FBA642609F13E00E532A3 /* Info.plist */,
				259FBA612609F13E00E532A3 /* festival_jeu.xcdatamodeld */,
				259FBA5C2609F13E00E532A3 /* Preview Content */,
				259F6ABB26123F63008D41AD /* searchBar.swift */,
			);
			path = "festival-jeu";
			sourceTree = "<group>";
		};
		259FBA5C2609F13E00E532A3 /* Preview Content */ = {
			isa = PBXGroup;
			children = (
				259FBA5D2609F13E00E532A3 /* Preview Assets.xcassets */,
			);
			path = "Preview Content";
			sourceTree = "<group>";
		};
		259FBA6B2609F1F000E532A3 /* Intent */ = {
			isa = PBXGroup;
			children = (
				25F4F04B26164C3F005F56C6 /* SearchEditeurListViewIntent.swift */,
				259FBA732609F4AD00E532A3 /* SearchJeuListViewIntent.swift */,
				25757BF32615A7FD00DF58D4 /* SearchZoneListViewIntent.swift */,
			);
			path = Intent;
			sourceTree = "<group>";
		};
		259FBA6C2609F1F600E532A3 /* View */ = {
			isa = PBXGroup;
			children = (
				25F4F04826164C34005F56C6 /* SearchEditeurListView.swift */,
				259FBA8D260A0D6900E532A3 /* SearchJeuListView.swift */,
				259F6ABE26125A0B008D41AD /* JeuDetailView.swift */,
				25757BE12615391600DF58D4 /* MenuView.swift */,
				25757BE426159E6100DF58D4 /* ZonesView.swift */,
				25757BF62615AC9200DF58D4 /* SearchZoneListView.swift */,
				25757C012615CBE400DF58D4 /* ZoneDetailsView.swift */,
			);
			path = View;
			sourceTree = "<group>";
		};
		259FBA6D2609F20200E532A3 /* ViewModel */ = {
			isa = PBXGroup;
			children = (
				25F4F04326164C27005F56C6 /* EditeurViewModel.swift */,
				25F4F04426164C27005F56C6 /* SearchEditeurListViewModel.swift */,
				259FBA762609F4FF00E532A3 /* SearchJeuListViewModel.swift */,
				259FBA7F260A043100E532A3 /* JeuViewModel.swift */,
				25757BED2615A0DB00DF58D4 /* SearchZoneListViewModel.swift */,
				25757BF02615A12D00DF58D4 /* ZoneViewModel.swift */,
			);
			path = ViewModel;
			sourceTree = "<group>";
		};
		259FBA6E2609F20900E532A3 /* Model */ = {
			isa = PBXGroup;
			children = (
				25F4F03E26164C0B005F56C6 /* Editeur.swift */,
				25F4F03F26164C0B005F56C6 /* EditeurList.swift */,
				259FBA6F2609F24400E532A3 /* Festival.swift */,
				259FBA792609F65200E532A3 /* Jeu.swift */,
				259FBA7C2609FFF900E532A3 /* JeuList.swift */,
				25757BE726159EBD00DF58D4 /* Zone.swift */,
				25757BEA26159FE200DF58D4 /* ZoneList.swift */,
				25757BFE2615C39F00DF58D4 /* JeuExpose.swift */,
				25F4F03B26164BC1005F56C6 /* ZoneSimple.swift */,
				25F4F03526163A07005F56C6 /* JeuExposeSimple.swift */,
				25F4F04E26164E21005F56C6 /* EditeurSimple.swift */,
				25F4F05126165292005F56C6 /* JeuComplexe.swift */,
			);
			path = Model;
			sourceTree = "<group>";
		};
		259FBA82260A0B0800E532A3 /* Helper */ = {
			isa = PBXGroup;
			children = (
				259FBA83260A0B1800E532A3 /* InOutHelper.swift */,
			);
			path = Helper;
			sourceTree = "<group>";
		};
/* End PBXGroup section */

/* Begin PBXNativeTarget section */
		259FBA522609F13A00E532A3 /* festival-jeu */ = {
			isa = PBXNativeTarget;
			buildConfigurationList = 259FBA672609F13E00E532A3 /* Build configuration list for PBXNativeTarget "festival-jeu" */;
			buildPhases = (
				259FBA4F2609F13A00E532A3 /* Sources */,
				259FBA502609F13A00E532A3 /* Frameworks */,
				259FBA512609F13A00E532A3 /* Resources */,
			);
			buildRules = (
			);
			dependencies = (
			);
			name = "festival-jeu";
			productName = "festival-jeu";
			productReference = 259FBA532609F13A00E532A3 /* festival-jeu.app */;
			productType = "com.apple.product-type.application";
		};
/* End PBXNativeTarget section */

/* Begin PBXProject section */
		259FBA4B2609F13A00E532A3 /* Project object */ = {
			isa = PBXProject;
			attributes = {
				LastSwiftUpdateCheck = 1240;
				LastUpgradeCheck = 1240;
				TargetAttributes = {
					259FBA522609F13A00E532A3 = {
						CreatedOnToolsVersion = 12.4;
					};
				};
			};
			buildConfigurationList = 259FBA4E2609F13A00E532A3 /* Build configuration list for PBXProject "festival-jeu" */;
			compatibilityVersion = "Xcode 9.3";
			developmentRegion = en;
			hasScannedForEncodings = 0;
			knownRegions = (
				en,
				Base,
			);
			mainGroup = 259FBA4A2609F13A00E532A3;
			productRefGroup = 259FBA542609F13A00E532A3 /* Products */;
			projectDirPath = "";
			projectRoot = "";
			targets = (
				259FBA522609F13A00E532A3 /* festival-jeu */,
			);
		};
/* End PBXProject section */

/* Begin PBXResourcesBuildPhase section */
		259FBA512609F13A00E532A3 /* Resources */ = {
			isa = PBXResourcesBuildPhase;
			buildActionMask = 2147483647;
			files = (
				259FBA5E2609F13E00E532A3 /* Preview Assets.xcassets in Resources */,
				259FBA5B2609F13E00E532A3 /* Assets.xcassets in Resources */,
			);
			runOnlyForDeploymentPostprocessing = 0;
		};
/* End PBXResourcesBuildPhase section */

/* Begin PBXSourcesBuildPhase section */
		259FBA4F2609F13A00E532A3 /* Sources */ = {
			isa = PBXSourcesBuildPhase;
			buildActionMask = 2147483647;
			files = (
				25F4F04C26164C3F005F56C6 /* SearchEditeurListViewIntent.swift in Sources */,
				259FBA7A2609F65200E532A3 /* Jeu.swift in Sources */,
				259FBA602609F13E00E532A3 /* Persistence.swift in Sources */,
				25757BFF2615C39F00DF58D4 /* JeuExpose.swift in Sources */,
				25F4F04F26164E21005F56C6 /* EditeurSimple.swift in Sources */,
				25757BF72615AC9200DF58D4 /* SearchZoneListView.swift in Sources */,
				25F4F05226165292005F56C6 /* JeuComplexe.swift in Sources */,
				25F4F033261627F7005F56C6 /* (null) in Sources */,
				259FBA742609F4AD00E532A3 /* SearchJeuListViewIntent.swift in Sources */,
				25F4F04026164C0C005F56C6 /* Editeur.swift in Sources */,
				25757BE826159EBD00DF58D4 /* Zone.swift in Sources */,
				25757C022615CBE400DF58D4 /* ZoneDetailsView.swift in Sources */,
				259FBA592609F13A00E532A3 /* ContentView.swift in Sources */,
				25757BE526159E6100DF58D4 /* ZonesView.swift in Sources */,
				25F4F04526164C27005F56C6 /* EditeurViewModel.swift in Sources */,
				25F4F03C26164BC2005F56C6 /* ZoneSimple.swift in Sources */,
				25757BF12615A12D00DF58D4 /* ZoneViewModel.swift in Sources */,
				259F6ABF26125A0B008D41AD /* JeuDetailView.swift in Sources */,
				25757BEB26159FE200DF58D4 /* ZoneList.swift in Sources */,
				25757BEE2615A0DB00DF58D4 /* SearchZoneListViewModel.swift in Sources */,
				259FBA632609F13E00E532A3 /* festival_jeu.xcdatamodeld in Sources */,
				259FBA702609F24400E532A3 /* Festival.swift in Sources */,
				259FBA84260A0B1800E532A3 /* InOutHelper.swift in Sources */,
				259FBA8E260A0D6900E532A3 /* SearchJeuListView.swift in Sources */,
				25F4F04926164C34005F56C6 /* SearchEditeurListView.swift in Sources */,
				25F4F04126164C0C005F56C6 /* EditeurList.swift in Sources */,
				25F4F03626163A07005F56C6 /* JeuExposeSimple.swift in Sources */,
				259FBA772609F4FF00E532A3 /* SearchJeuListViewModel.swift in Sources */,
				25757BE22615391600DF58D4 /* MenuView.swift in Sources */,
				25F4F04626164C27005F56C6 /* SearchEditeurListViewModel.swift in Sources */,
				25757BF42615A7FD00DF58D4 /* SearchZoneListViewIntent.swift in Sources */,
				259FBA7D2609FFF900E532A3 /* JeuList.swift in Sources */,
				259FBA572609F13A00E532A3 /* festival_jeuApp.swift in Sources */,
				259FBA80260A043100E532A3 /* JeuViewModel.swift in Sources */,
				259F6ABC26123F63008D41AD /* searchBar.swift in Sources */,
			);
			runOnlyForDeploymentPostprocessing = 0;
		};
/* End PBXSourcesBuildPhase section */

/* Begin XCBuildConfiguration section */
		259FBA652609F13E00E532A3 /* Debug */ = {
			isa = XCBuildConfiguration;
			buildSettings = {
				ALWAYS_SEARCH_USER_PATHS = NO;
				CLANG_ANALYZER_NONNULL = YES;
				CLANG_ANALYZER_NUMBER_OBJECT_CONVERSION = YES_AGGRESSIVE;
				CLANG_CXX_LANGUAGE_STANDARD = "gnu++14";
				CLANG_CXX_LIBRARY = "libc++";
				CLANG_ENABLE_MODULES = YES;
				CLANG_ENABLE_OBJC_ARC = YES;
				CLANG_ENABLE_OBJC_WEAK = YES;
				CLANG_WARN_BLOCK_CAPTURE_AUTORELEASING = YES;
				CLANG_WARN_BOOL_CONVERSION = YES;
				CLANG_WARN_COMMA = YES;
				CLANG_WARN_CONSTANT_CONVERSION = YES;
				CLANG_WARN_DEPRECATED_OBJC_IMPLEMENTATIONS = YES;
				CLANG_WARN_DIRECT_OBJC_ISA_USAGE = YES_ERROR;
				CLANG_WARN_DOCUMENTATION_COMMENTS = YES;
				CLANG_WARN_EMPTY_BODY = YES;
				CLANG_WARN_ENUM_CONVERSION = YES;
				CLANG_WARN_INFINITE_RECURSION = YES;
				CLANG_WARN_INT_CONVERSION = YES;
				CLANG_WARN_NON_LITERAL_NULL_CONVERSION = YES;
				CLANG_WARN_OBJC_IMPLICIT_RETAIN_SELF = YES;
				CLANG_WARN_OBJC_LITERAL_CONVERSION = YES;
				CLANG_WARN_OBJC_ROOT_CLASS = YES_ERROR;
				CLANG_WARN_QUOTED_INCLUDE_IN_FRAMEWORK_HEADER = YES;
				CLANG_WARN_RANGE_LOOP_ANALYSIS = YES;
				CLANG_WARN_STRICT_PROTOTYPES = YES;
				CLANG_WARN_SUSPICIOUS_MOVE = YES;
				CLANG_WARN_UNGUARDED_AVAILABILITY = YES_AGGRESSIVE;
				CLANG_WARN_UNREACHABLE_CODE = YES;
				CLANG_WARN__DUPLICATE_METHOD_MATCH = YES;
				COPY_PHASE_STRIP = NO;
				DEBUG_INFORMATION_FORMAT = dwarf;
				ENABLE_STRICT_OBJC_MSGSEND = YES;
				ENABLE_TESTABILITY = YES;
				GCC_C_LANGUAGE_STANDARD = gnu11;
				GCC_DYNAMIC_NO_PIC = NO;
				GCC_NO_COMMON_BLOCKS = YES;
				GCC_OPTIMIZATION_LEVEL = 0;
				GCC_PREPROCESSOR_DEFINITIONS = (
					"DEBUG=1",
					"$(inherited)",
				);
				GCC_WARN_64_TO_32_BIT_CONVERSION = YES;
				GCC_WARN_ABOUT_RETURN_TYPE = YES_ERROR;
				GCC_WARN_UNDECLARED_SELECTOR = YES;
				GCC_WARN_UNINITIALIZED_AUTOS = YES_AGGRESSIVE;
				GCC_WARN_UNUSED_FUNCTION = YES;
				GCC_WARN_UNUSED_VARIABLE = YES;
				IPHONEOS_DEPLOYMENT_TARGET = 14.4;
				MTL_ENABLE_DEBUG_INFO = INCLUDE_SOURCE;
				MTL_FAST_MATH = YES;
				ONLY_ACTIVE_ARCH = YES;
				SDKROOT = iphoneos;
				SWIFT_ACTIVE_COMPILATION_CONDITIONS = DEBUG;
				SWIFT_OPTIMIZATION_LEVEL = "-Onone";
			};
			name = Debug;
		};
		259FBA662609F13E00E532A3 /* Release */ = {
			isa = XCBuildConfiguration;
			buildSettings = {
				ALWAYS_SEARCH_USER_PATHS = NO;
				CLANG_ANALYZER_NONNULL = YES;
				CLANG_ANALYZER_NUMBER_OBJECT_CONVERSION = YES_AGGRESSIVE;
				CLANG_CXX_LANGUAGE_STANDARD = "gnu++14";
				CLANG_CXX_LIBRARY = "libc++";
				CLANG_ENABLE_MODULES = YES;
				CLANG_ENABLE_OBJC_ARC = YES;
				CLANG_ENABLE_OBJC_WEAK = YES;
				CLANG_WARN_BLOCK_CAPTURE_AUTORELEASING = YES;
				CLANG_WARN_BOOL_CONVERSION = YES;
				CLANG_WARN_COMMA = YES;
				CLANG_WARN_CONSTANT_CONVERSION = YES;
				CLANG_WARN_DEPRECATED_OBJC_IMPLEMENTATIONS = YES;
				CLANG_WARN_DIRECT_OBJC_ISA_USAGE = YES_ERROR;
				CLANG_WARN_DOCUMENTATION_COMMENTS = YES;
				CLANG_WARN_EMPTY_BODY = YES;
				CLANG_WARN_ENUM_CONVERSION = YES;
				CLANG_WARN_INFINITE_RECURSION = YES;
				CLANG_WARN_INT_CONVERSION = YES;
				CLANG_WARN_NON_LITERAL_NULL_CONVERSION = YES;
				CLANG_WARN_OBJC_IMPLICIT_RETAIN_SELF = YES;
				CLANG_WARN_OBJC_LITERAL_CONVERSION = YES;
				CLANG_WARN_OBJC_ROOT_CLASS = YES_ERROR;
				CLANG_WARN_QUOTED_INCLUDE_IN_FRAMEWORK_HEADER = YES;
				CLANG_WARN_RANGE_LOOP_ANALYSIS = YES;
				CLANG_WARN_STRICT_PROTOTYPES = YES;
				CLANG_WARN_SUSPICIOUS_MOVE = YES;
				CLANG_WARN_UNGUARDED_AVAILABILITY = YES_AGGRESSIVE;
				CLANG_WARN_UNREACHABLE_CODE = YES;
				CLANG_WARN__DUPLICATE_METHOD_MATCH = YES;
				COPY_PHASE_STRIP = NO;
				DEBUG_INFORMATION_FORMAT = "dwarf-with-dsym";
				ENABLE_NS_ASSERTIONS = NO;
				ENABLE_STRICT_OBJC_MSGSEND = YES;
				GCC_C_LANGUAGE_STANDARD = gnu11;
				GCC_NO_COMMON_BLOCKS = YES;
				GCC_WARN_64_TO_32_BIT_CONVERSION = YES;
				GCC_WARN_ABOUT_RETURN_TYPE = YES_ERROR;
				GCC_WARN_UNDECLARED_SELECTOR = YES;
				GCC_WARN_UNINITIALIZED_AUTOS = YES_AGGRESSIVE;
				GCC_WARN_UNUSED_FUNCTION = YES;
				GCC_WARN_UNUSED_VARIABLE = YES;
				IPHONEOS_DEPLOYMENT_TARGET = 14.4;
				MTL_ENABLE_DEBUG_INFO = NO;
				MTL_FAST_MATH = YES;
				SDKROOT = iphoneos;
				SWIFT_COMPILATION_MODE = wholemodule;
				SWIFT_OPTIMIZATION_LEVEL = "-O";
				VALIDATE_PRODUCT = YES;
			};
			name = Release;
		};
		259FBA682609F13E00E532A3 /* Debug */ = {
			isa = XCBuildConfiguration;
			buildSettings = {
				ASSETCATALOG_COMPILER_APPICON_NAME = AppIcon;
				ASSETCATALOG_COMPILER_GLOBAL_ACCENT_COLOR_NAME = AccentColor;
				CODE_SIGN_STYLE = Automatic;
				DEVELOPMENT_ASSET_PATHS = "\"festival-jeu/Preview Content\"";
				DEVELOPMENT_TEAM = HZUYC8DNTB;
				ENABLE_PREVIEWS = YES;
				INFOPLIST_FILE = "festival-jeu/Info.plist";
				IPHONEOS_DEPLOYMENT_TARGET = 14.0;
				LD_RUNPATH_SEARCH_PATHS = (
					"$(inherited)",
					"@executable_path/Frameworks",
				);
				PRODUCT_BUNDLE_IDENTIFIER = "Ayoub-Moujane.festival-jeu";
				PRODUCT_NAME = "$(TARGET_NAME)";
				SWIFT_VERSION = 5.0;
				TARGETED_DEVICE_FAMILY = "1,2";
			};
			name = Debug;
		};
		259FBA692609F13E00E532A3 /* Release */ = {
			isa = XCBuildConfiguration;
			buildSettings = {
				ASSETCATALOG_COMPILER_APPICON_NAME = AppIcon;
				ASSETCATALOG_COMPILER_GLOBAL_ACCENT_COLOR_NAME = AccentColor;
				CODE_SIGN_STYLE = Automatic;
				DEVELOPMENT_ASSET_PATHS = "\"festival-jeu/Preview Content\"";
				DEVELOPMENT_TEAM = HZUYC8DNTB;
				ENABLE_PREVIEWS = YES;
				INFOPLIST_FILE = "festival-jeu/Info.plist";
				IPHONEOS_DEPLOYMENT_TARGET = 14.0;
				LD_RUNPATH_SEARCH_PATHS = (
					"$(inherited)",
					"@executable_path/Frameworks",
				);
				PRODUCT_BUNDLE_IDENTIFIER = "Ayoub-Moujane.festival-jeu";
				PRODUCT_NAME = "$(TARGET_NAME)";
				SWIFT_VERSION = 5.0;
				TARGETED_DEVICE_FAMILY = "1,2";
			};
			name = Release;
		};
/* End XCBuildConfiguration section */

/* Begin XCConfigurationList section */
		259FBA4E2609F13A00E532A3 /* Build configuration list for PBXProject "festival-jeu" */ = {
			isa = XCConfigurationList;
			buildConfigurations = (
				259FBA652609F13E00E532A3 /* Debug */,
				259FBA662609F13E00E532A3 /* Release */,
			);
			defaultConfigurationIsVisible = 0;
			defaultConfigurationName = Release;
		};
		259FBA672609F13E00E532A3 /* Build configuration list for PBXNativeTarget "festival-jeu" */ = {
			isa = XCConfigurationList;
			buildConfigurations = (
				259FBA682609F13E00E532A3 /* Debug */,
				259FBA692609F13E00E532A3 /* Release */,
			);
			defaultConfigurationIsVisible = 0;
			defaultConfigurationName = Release;
		};
/* End XCConfigurationList section */

/* Begin XCVersionGroup section */
		259FBA612609F13E00E532A3 /* festival_jeu.xcdatamodeld */ = {
			isa = XCVersionGroup;
			children = (
				259FBA622609F13E00E532A3 /* festival_jeu.xcdatamodel */,
			);
			currentVersion = 259FBA622609F13E00E532A3 /* festival_jeu.xcdatamodel */;
			path = festival_jeu.xcdatamodeld;
			sourceTree = "<group>";
			versionGroupType = wrapper.xcdatamodel;
		};
/* End XCVersionGroup section */
	};
	rootObject = 259FBA4B2609F13A00E532A3 /* Project object */;
}
